// !$*UTF8*$!
{
	archiveVersion = 1;
	classes = {
	};
	objectVersion = 50;
	objects = {

/* Begin PBXBuildFile section */
		777710EA26C0466D00483D71 /* EitaCommerceAppApp.swift in Sources */ = {isa = PBXBuildFile; fileRef = 777710E926C0466D00483D71 /* EitaCommerceAppApp.swift */; };
		777710EC26C0466D00483D71 /* ContentView.swift in Sources */ = {isa = PBXBuildFile; fileRef = 777710EB26C0466D00483D71 /* ContentView.swift */; };
		777710EE26C0466F00483D71 /* Assets.xcassets in Resources */ = {isa = PBXBuildFile; fileRef = 777710ED26C0466F00483D71 /* Assets.xcassets */; };
		777710F126C0466F00483D71 /* Preview Assets.xcassets in Resources */ = {isa = PBXBuildFile; fileRef = 777710F026C0466F00483D71 /* Preview Assets.xcassets */; };
		777710FC26C0466F00483D71 /* EitaCommerceAppTests.swift in Sources */ = {isa = PBXBuildFile; fileRef = 777710FB26C0466F00483D71 /* EitaCommerceAppTests.swift */; };
		7777110726C0466F00483D71 /* EitaCommerceAppUITests.swift in Sources */ = {isa = PBXBuildFile; fileRef = 7777110626C0466F00483D71 /* EitaCommerceAppUITests.swift */; };
		7777111626C047E600483D71 /* EitaCommerceCore.framework in Frameworks */ = {isa = PBXBuildFile; fileRef = 7777111526C047E600483D71 /* EitaCommerceCore.framework */; };
		7777111726C047E600483D71 /* EitaCommerceCore.framework in Embed Frameworks */ = {isa = PBXBuildFile; fileRef = 7777111526C047E600483D71 /* EitaCommerceCore.framework */; settings = {ATTRIBUTES = (CodeSignOnCopy, RemoveHeadersOnCopy, ); }; };
/* End PBXBuildFile section */

/* Begin PBXContainerItemProxy section */
		777710F826C0466F00483D71 /* PBXContainerItemProxy */ = {
			isa = PBXContainerItemProxy;
			containerPortal = 777710DE26C0466D00483D71 /* Project object */;
			proxyType = 1;
			remoteGlobalIDString = 777710E526C0466D00483D71;
			remoteInfo = EitaCommerceApp;
		};
		7777110326C0466F00483D71 /* PBXContainerItemProxy */ = {
			isa = PBXContainerItemProxy;
			containerPortal = 777710DE26C0466D00483D71 /* Project object */;
			proxyType = 1;
			remoteGlobalIDString = 777710E526C0466D00483D71;
			remoteInfo = EitaCommerceApp;
		};
/* End PBXContainerItemProxy section */

/* Begin PBXCopyFilesBuildPhase section */
		7777111826C047E700483D71 /* Embed Frameworks */ = {
			isa = PBXCopyFilesBuildPhase;
			buildActionMask = 2147483647;
			dstPath = "";
			dstSubfolderSpec = 10;
			files = (
				7777111726C047E600483D71 /* EitaCommerceCore.framework in Embed Frameworks */,
			);
			name = "Embed Frameworks";
			runOnlyForDeploymentPostprocessing = 0;
		};
/* End PBXCopyFilesBuildPhase section */

/* Begin PBXFileReference section */
		777710E626C0466D00483D71 /* EitaCommerceApp.app */ = {isa = PBXFileReference; explicitFileType = wrapper.application; includeInIndex = 0; path = EitaCommerceApp.app; sourceTree = BUILT_PRODUCTS_DIR; };
		777710E926C0466D00483D71 /* EitaCommerceAppApp.swift */ = {isa = PBXFileReference; lastKnownFileType = sourcecode.swift; path = EitaCommerceAppApp.swift; sourceTree = "<group>"; };
		777710EB26C0466D00483D71 /* ContentView.swift */ = {isa = PBXFileReference; lastKnownFileType = sourcecode.swift; path = ContentView.swift; sourceTree = "<group>"; };
		777710ED26C0466F00483D71 /* Assets.xcassets */ = {isa = PBXFileReference; lastKnownFileType = folder.assetcatalog; path = Assets.xcassets; sourceTree = "<group>"; };
		777710F026C0466F00483D71 /* Preview Assets.xcassets */ = {isa = PBXFileReference; lastKnownFileType = folder.assetcatalog; path = "Preview Assets.xcassets"; sourceTree = "<group>"; };
		777710F226C0466F00483D71 /* Info.plist */ = {isa = PBXFileReference; lastKnownFileType = text.plist.xml; path = Info.plist; sourceTree = "<group>"; };
		777710F726C0466F00483D71 /* EitaCommerceAppTests.xctest */ = {isa = PBXFileReference; explicitFileType = wrapper.cfbundle; includeInIndex = 0; path = EitaCommerceAppTests.xctest; sourceTree = BUILT_PRODUCTS_DIR; };
		777710FB26C0466F00483D71 /* EitaCommerceAppTests.swift */ = {isa = PBXFileReference; lastKnownFileType = sourcecode.swift; path = EitaCommerceAppTests.swift; sourceTree = "<group>"; };
		777710FD26C0466F00483D71 /* Info.plist */ = {isa = PBXFileReference; lastKnownFileType = text.plist.xml; path = Info.plist; sourceTree = "<group>"; };
		7777110226C0466F00483D71 /* EitaCommerceAppUITests.xctest */ = {isa = PBXFileReference; explicitFileType = wrapper.cfbundle; includeInIndex = 0; path = EitaCommerceAppUITests.xctest; sourceTree = BUILT_PRODUCTS_DIR; };
		7777110626C0466F00483D71 /* EitaCommerceAppUITests.swift */ = {isa = PBXFileReference; lastKnownFileType = sourcecode.swift; path = EitaCommerceAppUITests.swift; sourceTree = "<group>"; };
		7777110826C0466F00483D71 /* Info.plist */ = {isa = PBXFileReference; lastKnownFileType = text.plist.xml; path = Info.plist; sourceTree = "<group>"; };
		7777111526C047E600483D71 /* EitaCommerceCore.framework */ = {isa = PBXFileReference; explicitFileType = wrapper.framework; path = EitaCommerceCore.framework; sourceTree = BUILT_PRODUCTS_DIR; };
/* End PBXFileReference section */

/* Begin PBXFrameworksBuildPhase section */
		777710E326C0466D00483D71 /* Frameworks */ = {
			isa = PBXFrameworksBuildPhase;
			buildActionMask = 2147483647;
			files = (
				7777111626C047E600483D71 /* EitaCommerceCore.framework in Frameworks */,
			);
			runOnlyForDeploymentPostprocessing = 0;
		};
		777710F426C0466F00483D71 /* Frameworks */ = {
			isa = PBXFrameworksBuildPhase;
			buildActionMask = 2147483647;
			files = (
			);
			runOnlyForDeploymentPostprocessing = 0;
		};
		777710FF26C0466F00483D71 /* Frameworks */ = {
			isa = PBXFrameworksBuildPhase;
			buildActionMask = 2147483647;
			files = (
			);
			runOnlyForDeploymentPostprocessing = 0;
		};
/* End PBXFrameworksBuildPhase section */

/* Begin PBXGroup section */
		777710DD26C0466D00483D71 = {
			isa = PBXGroup;
			children = (
				777710E826C0466D00483D71 /* EitaCommerceApp */,
				777710FA26C0466F00483D71 /* EitaCommerceAppTests */,
				7777110526C0466F00483D71 /* EitaCommerceAppUITests */,
				777710E726C0466D00483D71 /* Products */,
				7777111426C047E600483D71 /* Frameworks */,
			);
			sourceTree = "<group>";
		};
		777710E726C0466D00483D71 /* Products */ = {
			isa = PBXGroup;
			children = (
				777710E626C0466D00483D71 /* EitaCommerceApp.app */,
				777710F726C0466F00483D71 /* EitaCommerceAppTests.xctest */,
				7777110226C0466F00483D71 /* EitaCommerceAppUITests.xctest */,
			);
			name = Products;
			sourceTree = "<group>";
		};
		777710E826C0466D00483D71 /* EitaCommerceApp */ = {
			isa = PBXGroup;
			children = (
				777710E926C0466D00483D71 /* EitaCommerceAppApp.swift */,
				777710EB26C0466D00483D71 /* ContentView.swift */,
				777710ED26C0466F00483D71 /* Assets.xcassets */,
				777710F226C0466F00483D71 /* Info.plist */,
				777710EF26C0466F00483D71 /* Preview Content */,
			);
			path = EitaCommerceApp;
			sourceTree = "<group>";
		};
		777710EF26C0466F00483D71 /* Preview Content */ = {
			isa = PBXGroup;
			children = (
				777710F026C0466F00483D71 /* Preview Assets.xcassets */,
			);
			path = "Preview Content";
			sourceTree = "<group>";
		};
		777710FA26C0466F00483D71 /* EitaCommerceAppTests */ = {
			isa = PBXGroup;
			children = (
				777710FB26C0466F00483D71 /* EitaCommerceAppTests.swift */,
				777710FD26C0466F00483D71 /* Info.plist */,
			);
			path = EitaCommerceAppTests;
			sourceTree = "<group>";
		};
		7777110526C0466F00483D71 /* EitaCommerceAppUITests */ = {
			isa = PBXGroup;
			children = (
				7777110626C0466F00483D71 /* EitaCommerceAppUITests.swift */,
				7777110826C0466F00483D71 /* Info.plist */,
			);
			path = EitaCommerceAppUITests;
			sourceTree = "<group>";
		};
		7777111426C047E600483D71 /* Frameworks */ = {
			isa = PBXGroup;
			children = (
				7777111526C047E600483D71 /* EitaCommerceCore.framework */,
			);
			name = Frameworks;
			sourceTree = "<group>";
		};
/* End PBXGroup section */

/* Begin PBXNativeTarget section */
		777710E526C0466D00483D71 /* EitaCommerceApp */ = {
			isa = PBXNativeTarget;
			buildConfigurationList = 7777110B26C0466F00483D71 /* Build configuration list for PBXNativeTarget "EitaCommerceApp" */;
			buildPhases = (
				777710E226C0466D00483D71 /* Sources */,
				777710E326C0466D00483D71 /* Frameworks */,
				777710E426C0466D00483D71 /* Resources */,
				7777111826C047E700483D71 /* Embed Frameworks */,
			);
			buildRules = (
			);
			dependencies = (
			);
			name = EitaCommerceApp;
			productName = EitaCommerceApp;
			productReference = 777710E626C0466D00483D71 /* EitaCommerceApp.app */;
			productType = "com.apple.product-type.application";
		};
		777710F626C0466F00483D71 /* EitaCommerceAppTests */ = {
			isa = PBXNativeTarget;
			buildConfigurationList = 7777110E26C0466F00483D71 /* Build configuration list for PBXNativeTarget "EitaCommerceAppTests" */;
			buildPhases = (
				777710F326C0466F00483D71 /* Sources */,
				777710F426C0466F00483D71 /* Frameworks */,
				777710F526C0466F00483D71 /* Resources */,
			);
			buildRules = (
			);
			dependencies = (
				777710F926C0466F00483D71 /* PBXTargetDependency */,
			);
			name = EitaCommerceAppTests;
			productName = EitaCommerceAppTests;
			productReference = 777710F726C0466F00483D71 /* EitaCommerceAppTests.xctest */;
			productType = "com.apple.product-type.bundle.unit-test";
		};
		7777110126C0466F00483D71 /* EitaCommerceAppUITests */ = {
			isa = PBXNativeTarget;
			buildConfigurationList = 7777111126C0466F00483D71 /* Build configuration list for PBXNativeTarget "EitaCommerceAppUITests" */;
			buildPhases = (
				777710FE26C0466F00483D71 /* Sources */,
				777710FF26C0466F00483D71 /* Frameworks */,
				7777110026C0466F00483D71 /* Resources */,
			);
			buildRules = (
			);
			dependencies = (
				7777110426C0466F00483D71 /* PBXTargetDependency */,
			);
			name = EitaCommerceAppUITests;
			productName = EitaCommerceAppUITests;
			productReference = 7777110226C0466F00483D71 /* EitaCommerceAppUITests.xctest */;
			productType = "com.apple.product-type.bundle.ui-testing";
		};
/* End PBXNativeTarget section */

/* Begin PBXProject section */
		777710DE26C0466D00483D71 /* Project object */ = {
			isa = PBXProject;
			attributes = {
				LastSwiftUpdateCheck = 1250;
				LastUpgradeCheck = 1250;
				TargetAttributes = {
					777710E526C0466D00483D71 = {
						CreatedOnToolsVersion = 12.5;
					};
					777710F626C0466F00483D71 = {
						CreatedOnToolsVersion = 12.5;
						TestTargetID = 777710E526C0466D00483D71;
					};
					7777110126C0466F00483D71 = {
						CreatedOnToolsVersion = 12.5;
						TestTargetID = 777710E526C0466D00483D71;
					};
				};
			};
			buildConfigurationList = 777710E126C0466D00483D71 /* Build configuration list for PBXProject "EitaCommerceApp" */;
			compatibilityVersion = "Xcode 9.3";
			developmentRegion = en;
			hasScannedForEncodings = 0;
			knownRegions = (
				en,
				Base,
			);
			mainGroup = 777710DD26C0466D00483D71;
			productRefGroup = 777710E726C0466D00483D71 /* Products */;
			projectDirPath = "";
			projectRoot = "";
			targets = (
				777710E526C0466D00483D71 /* EitaCommerceApp */,
				777710F626C0466F00483D71 /* EitaCommerceAppTests */,
				7777110126C0466F00483D71 /* EitaCommerceAppUITests */,
			);
		};
/* End PBXProject section */

/* Begin PBXResourcesBuildPhase section */
		777710E426C0466D00483D71 /* Resources */ = {
			isa = PBXResourcesBuildPhase;
			buildActionMask = 2147483647;
			files = (
				777710F126C0466F00483D71 /* Preview Assets.xcassets in Resources */,
				777710EE26C0466F00483D71 /* Assets.xcassets in Resources */,
			);
			runOnlyForDeploymentPostprocessing = 0;
		};
		777710F526C0466F00483D71 /* Resources */ = {
			isa = PBXResourcesBuildPhase;
			buildActionMask = 2147483647;
			files = (
			);
			runOnlyForDeploymentPostprocessing = 0;
		};
		7777110026C0466F00483D71 /* Resources */ = {
			isa = PBXResourcesBuildPhase;
			buildActionMask = 2147483647;
			files = (
			);
			runOnlyForDeploymentPostprocessing = 0;
		};
/* End PBXResourcesBuildPhase section */

/* Begin PBXSourcesBuildPhase section */
		777710E226C0466D00483D71 /* Sources */ = {
			isa = PBXSourcesBuildPhase;
			buildActionMask = 2147483647;
			files = (
				777710EC26C0466D00483D71 /* ContentView.swift in Sources */,
				777710EA26C0466D00483D71 /* EitaCommerceAppApp.swift in Sources */,
			);
			runOnlyForDeploymentPostprocessing = 0;
		};
		777710F326C0466F00483D71 /* Sources */ = {
			isa = PBXSourcesBuildPhase;
			buildActionMask = 2147483647;
			files = (
				777710FC26C0466F00483D71 /* EitaCommerceAppTests.swift in Sources */,
			);
			runOnlyForDeploymentPostprocessing = 0;
		};
		777710FE26C0466F00483D71 /* Sources */ = {
			isa = PBXSourcesBuildPhase;
			buildActionMask = 2147483647;
			files = (
				7777110726C0466F00483D71 /* EitaCommerceAppUITests.swift in Sources */,
			);
			runOnlyForDeploymentPostprocessing = 0;
		};
/* End PBXSourcesBuildPhase section */

/* Begin PBXTargetDependency section */
		777710F926C0466F00483D71 /* PBXTargetDependency */ = {
			isa = PBXTargetDependency;
			target = 777710E526C0466D00483D71 /* EitaCommerceApp */;
			targetProxy = 777710F826C0466F00483D71 /* PBXContainerItemProxy */;
		};
		7777110426C0466F00483D71 /* PBXTargetDependency */ = {
			isa = PBXTargetDependency;
			target = 777710E526C0466D00483D71 /* EitaCommerceApp */;
			targetProxy = 7777110326C0466F00483D71 /* PBXContainerItemProxy */;
		};
/* End PBXTargetDependency section */

/* Begin XCBuildConfiguration section */
		7777110926C0466F00483D71 /* Debug */ = {
			isa = XCBuildConfiguration;
			buildSettings = {
				ALWAYS_SEARCH_USER_PATHS = NO;
				CLANG_ANALYZER_NONNULL = YES;
				CLANG_ANALYZER_NUMBER_OBJECT_CONVERSION = YES_AGGRESSIVE;
				CLANG_CXX_LANGUAGE_STANDARD = "gnu++14";
				CLANG_CXX_LIBRARY = "libc++";
				CLANG_ENABLE_MODULES = YES;
				CLANG_ENABLE_OBJC_ARC = YES;
				CLANG_ENABLE_OBJC_WEAK = YES;
				CLANG_WARN_BLOCK_CAPTURE_AUTORELEASING = YES;
				CLANG_WARN_BOOL_CONVERSION = YES;
				CLANG_WARN_COMMA = YES;
				CLANG_WARN_CONSTANT_CONVERSION = YES;
				CLANG_WARN_DEPRECATED_OBJC_IMPLEMENTATIONS = YES;
				CLANG_WARN_DIRECT_OBJC_ISA_USAGE = YES_ERROR;
				CLANG_WARN_DOCUMENTATION_COMMENTS = YES;
				CLANG_WARN_EMPTY_BODY = YES;
				CLANG_WARN_ENUM_CONVERSION = YES;
				CLANG_WARN_INFINITE_RECURSION = YES;
				CLANG_WARN_INT_CONVERSION = YES;
				CLANG_WARN_NON_LITERAL_NULL_CONVERSION = YES;
				CLANG_WARN_OBJC_IMPLICIT_RETAIN_SELF = YES;
				CLANG_WARN_OBJC_LITERAL_CONVERSION = YES;
				CLANG_WARN_OBJC_ROOT_CLASS = YES_ERROR;
				CLANG_WARN_QUOTED_INCLUDE_IN_FRAMEWORK_HEADER = YES;
				CLANG_WARN_RANGE_LOOP_ANALYSIS = YES;
				CLANG_WARN_STRICT_PROTOTYPES = YES;
				CLANG_WARN_SUSPICIOUS_MOVE = YES;
				CLANG_WARN_UNGUARDED_AVAILABILITY = YES_AGGRESSIVE;
				CLANG_WARN_UNREACHABLE_CODE = YES;
				CLANG_WARN__DUPLICATE_METHOD_MATCH = YES;
				COPY_PHASE_STRIP = NO;
				DEBUG_INFORMATION_FORMAT = dwarf;
				ENABLE_STRICT_OBJC_MSGSEND = YES;
				ENABLE_TESTABILITY = YES;
				GCC_C_LANGUAGE_STANDARD = gnu11;
				GCC_DYNAMIC_NO_PIC = NO;
				GCC_NO_COMMON_BLOCKS = YES;
				GCC_OPTIMIZATION_LEVEL = 0;
				GCC_PREPROCESSOR_DEFINITIONS = (
					"DEBUG=1",
					"$(inherited)",
				);
				GCC_WARN_64_TO_32_BIT_CONVERSION = YES;
				GCC_WARN_ABOUT_RETURN_TYPE = YES_ERROR;
				GCC_WARN_UNDECLARED_SELECTOR = YES;
				GCC_WARN_UNINITIALIZED_AUTOS = YES_AGGRESSIVE;
				GCC_WARN_UNUSED_FUNCTION = YES;
				GCC_WARN_UNUSED_VARIABLE = YES;
				IPHONEOS_DEPLOYMENT_TARGET = 14.5;
				MTL_ENABLE_DEBUG_INFO = INCLUDE_SOURCE;
				MTL_FAST_MATH = YES;
				ONLY_ACTIVE_ARCH = YES;
				SDKROOT = iphoneos;
				SWIFT_ACTIVE_COMPILATION_CONDITIONS = DEBUG;
				SWIFT_OPTIMIZATION_LEVEL = "-Onone";
			};
			name = Debug;
		};
		7777110A26C0466F00483D71 /* Release */ = {
			isa = XCBuildConfiguration;
			buildSettings = {
				ALWAYS_SEARCH_USER_PATHS = NO;
				CLANG_ANALYZER_NONNULL = YES;
				CLANG_ANALYZER_NUMBER_OBJECT_CONVERSION = YES_AGGRESSIVE;
				CLANG_CXX_LANGUAGE_STANDARD = "gnu++14";
				CLANG_CXX_LIBRARY = "libc++";
				CLANG_ENABLE_MODULES = YES;
				CLANG_ENABLE_OBJC_ARC = YES;
				CLANG_ENABLE_OBJC_WEAK = YES;
				CLANG_WARN_BLOCK_CAPTURE_AUTORELEASING = YES;
				CLANG_WARN_BOOL_CONVERSION = YES;
				CLANG_WARN_COMMA = YES;
				CLANG_WARN_CONSTANT_CONVERSION = YES;
				CLANG_WARN_DEPRECATED_OBJC_IMPLEMENTATIONS = YES;
				CLANG_WARN_DIRECT_OBJC_ISA_USAGE = YES_ERROR;
				CLANG_WARN_DOCUMENTATION_COMMENTS = YES;
				CLANG_WARN_EMPTY_BODY = YES;
				CLANG_WARN_ENUM_CONVERSION = YES;
				CLANG_WARN_INFINITE_RECURSION = YES;
				CLANG_WARN_INT_CONVERSION = YES;
				CLANG_WARN_NON_LITERAL_NULL_CONVERSION = YES;
				CLANG_WARN_OBJC_IMPLICIT_RETAIN_SELF = YES;
				CLANG_WARN_OBJC_LITERAL_CONVERSION = YES;
				CLANG_WARN_OBJC_ROOT_CLASS = YES_ERROR;
				CLANG_WARN_QUOTED_INCLUDE_IN_FRAMEWORK_HEADER = YES;
				CLANG_WARN_RANGE_LOOP_ANALYSIS = YES;
				CLANG_WARN_STRICT_PROTOTYPES = YES;
				CLANG_WARN_SUSPICIOUS_MOVE = YES;
				CLANG_WARN_UNGUARDED_AVAILABILITY = YES_AGGRESSIVE;
				CLANG_WARN_UNREACHABLE_CODE = YES;
				CLANG_WARN__DUPLICATE_METHOD_MATCH = YES;
				COPY_PHASE_STRIP = NO;
				DEBUG_INFORMATION_FORMAT = "dwarf-with-dsym";
				ENABLE_NS_ASSERTIONS = NO;
				ENABLE_STRICT_OBJC_MSGSEND = YES;
				GCC_C_LANGUAGE_STANDARD = gnu11;
				GCC_NO_COMMON_BLOCKS = YES;
				GCC_WARN_64_TO_32_BIT_CONVERSION = YES;
				GCC_WARN_ABOUT_RETURN_TYPE = YES_ERROR;
				GCC_WARN_UNDECLARED_SELECTOR = YES;
				GCC_WARN_UNINITIALIZED_AUTOS = YES_AGGRESSIVE;
				GCC_WARN_UNUSED_FUNCTION = YES;
				GCC_WARN_UNUSED_VARIABLE = YES;
				IPHONEOS_DEPLOYMENT_TARGET = 14.5;
				MTL_ENABLE_DEBUG_INFO = NO;
				MTL_FAST_MATH = YES;
				SDKROOT = iphoneos;
				SWIFT_COMPILATION_MODE = wholemodule;
				SWIFT_OPTIMIZATION_LEVEL = "-O";
				VALIDATE_PRODUCT = YES;
			};
			name = Release;
		};
		7777110C26C0466F00483D71 /* Debug */ = {
			isa = XCBuildConfiguration;
			buildSettings = {
				ASSETCATALOG_COMPILER_APPICON_NAME = AppIcon;
				ASSETCATALOG_COMPILER_GLOBAL_ACCENT_COLOR_NAME = AccentColor;
				CODE_SIGN_STYLE = Automatic;
				DEVELOPMENT_ASSET_PATHS = "\"EitaCommerceApp/Preview Content\"";
				DEVELOPMENT_TEAM = 66KNLMFJQ2;
				ENABLE_PREVIEWS = YES;
				INFOPLIST_FILE = EitaCommerceApp/Info.plist;
				IPHONEOS_DEPLOYMENT_TARGET = 14.0;
				LD_RUNPATH_SEARCH_PATHS = (
					"$(inherited)",
					"@executable_path/Frameworks",
				);
				PRODUCT_BUNDLE_IDENTIFIER = com.eita.EitaCommerceApp;
				PRODUCT_NAME = "$(TARGET_NAME)";
				SWIFT_VERSION = 5.0;
				TARGETED_DEVICE_FAMILY = "1,2";
			};
			name = Debug;
		};
		7777110D26C0466F00483D71 /* Release */ = {
			isa = XCBuildConfiguration;
			buildSettings = {
				ASSETCATALOG_COMPILER_APPICON_NAME = AppIcon;
				ASSETCATALOG_COMPILER_GLOBAL_ACCENT_COLOR_NAME = AccentColor;
				CODE_SIGN_STYLE = Automatic;
				DEVELOPMENT_ASSET_PATHS = "\"EitaCommerceApp/Preview Content\"";
				DEVELOPMENT_TEAM = 66KNLMFJQ2;
				ENABLE_PREVIEWS = YES;
				INFOPLIST_FILE = EitaCommerceApp/Info.plist;
				IPHONEOS_DEPLOYMENT_TARGET = 14.0;
				LD_RUNPATH_SEARCH_PATHS = (
					"$(inherited)",
					"@executable_path/Frameworks",
				);
				PRODUCT_BUNDLE_IDENTIFIER = com.eita.EitaCommerceApp;
				PRODUCT_NAME = "$(TARGET_NAME)";
				SWIFT_VERSION = 5.0;
				TARGETED_DEVICE_FAMILY = "1,2";
			};
			name = Release;
		};
		7777110F26C0466F00483D71 /* Debug */ = {
			isa = XCBuildConfiguration;
			buildSettings = {
				ALWAYS_EMBED_SWIFT_STANDARD_LIBRARIES = YES;
				BUNDLE_LOADER = "$(TEST_HOST)";
				CODE_SIGN_STYLE = Automatic;
				DEVELOPMENT_TEAM = 66KNLMFJQ2;
				INFOPLIST_FILE = EitaCommerceAppTests/Info.plist;
				IPHONEOS_DEPLOYMENT_TARGET = 14.0;
				LD_RUNPATH_SEARCH_PATHS = (
					"$(inherited)",
					"@executable_path/Frameworks",
					"@loader_path/Frameworks",
				);
				PRODUCT_BUNDLE_IDENTIFIER = com.eita.EitaCommerceAppTests;
				PRODUCT_NAME = "$(TARGET_NAME)";
				SWIFT_VERSION = 5.0;
				TARGETED_DEVICE_FAMILY = "1,2";
				TEST_HOST = "$(BUILT_PRODUCTS_DIR)/EitaCommerceApp.app/EitaCommerceApp";
			};
			name = Debug;
		};
		7777111026C0466F00483D71 /* Release */ = {
			isa = XCBuildConfiguration;
			buildSettings = {
				ALWAYS_EMBED_SWIFT_STANDARD_LIBRARIES = YES;
				BUNDLE_LOADER = "$(TEST_HOST)";
				CODE_SIGN_STYLE = Automatic;
				DEVELOPMENT_TEAM = 66KNLMFJQ2;
				INFOPLIST_FILE = EitaCommerceAppTests/Info.plist;
				IPHONEOS_DEPLOYMENT_TARGET = 14.0;
				LD_RUNPATH_SEARCH_PATHS = (
					"$(inherited)",
					"@executable_path/Frameworks",
					"@loader_path/Frameworks",
				);
				PRODUCT_BUNDLE_IDENTIFIER = com.eita.EitaCommerceAppTests;
				PRODUCT_NAME = "$(TARGET_NAME)";
				SWIFT_VERSION = 5.0;
				TARGETED_DEVICE_FAMILY = "1,2";
				TEST_HOST = "$(BUILT_PRODUCTS_DIR)/EitaCommerceApp.app/EitaCommerceApp";
			};
			name = Release;
		};
		7777111226C0466F00483D71 /* Debug */ = {
			isa = XCBuildConfiguration;
			buildSettings = {
				ALWAYS_EMBED_SWIFT_STANDARD_LIBRARIES = YES;
				CODE_SIGN_STYLE = Automatic;
				DEVELOPMENT_TEAM = 66KNLMFJQ2;
				INFOPLIST_FILE = EitaCommerceAppUITests/Info.plist;
				LD_RUNPATH_SEARCH_PATHS = (
					"$(inherited)",
					"@executable_path/Frameworks",
					"@loader_path/Frameworks",
				);
				PRODUCT_BUNDLE_IDENTIFIER = com.eita.EitaCommerceAppUITests;
				PRODUCT_NAME = "$(TARGET_NAME)";
				SWIFT_VERSION = 5.0;
				TARGETED_DEVICE_FAMILY = "1,2";
				TEST_TARGET_NAME = EitaCommerceApp;
			};
			name = Debug;
		};
		7777111326C0466F00483D71 /* Release */ = {
			isa = XCBuildConfiguration;
			buildSettings = {
				ALWAYS_EMBED_SWIFT_STANDARD_LIBRARIES = YES;
				CODE_SIGN_STYLE = Automatic;
				DEVELOPMENT_TEAM = 66KNLMFJQ2;
				INFOPLIST_FILE = EitaCommerceAppUITests/Info.plist;
				LD_RUNPATH_SEARCH_PATHS = (
					"$(inherited)",
					"@executable_path/Frameworks",
					"@loader_path/Frameworks",
				);
				PRODUCT_BUNDLE_IDENTIFIER = com.eita.EitaCommerceAppUITests;
				PRODUCT_NAME = "$(TARGET_NAME)";
				SWIFT_VERSION = 5.0;
				TARGETED_DEVICE_FAMILY = "1,2";
				TEST_TARGET_NAME = EitaCommerceApp;
			};
			name = Release;
		};
/* End XCBuildConfiguration section */

/* Begin XCConfigurationList section */
		777710E126C0466D00483D71 /* Build configuration list for PBXProject "EitaCommerceApp" */ = {
			isa = XCConfigurationList;
			buildConfigurations = (
				7777110926C0466F00483D71 /* Debug */,
				7777110A26C0466F00483D71 /* Release */,
			);
			defaultConfigurationIsVisible = 0;
			defaultConfigurationName = Release;
		};
		7777110B26C0466F00483D71 /* Build configuration list for PBXNativeTarget "EitaCommerceApp" */ = {
			isa = XCConfigurationList;
			buildConfigurations = (
				7777110C26C0466F00483D71 /* Debug */,
				7777110D26C0466F00483D71 /* Release */,
			);
			defaultConfigurationIsVisible = 0;
			defaultConfigurationName = Release;
		};
		7777110E26C0466F00483D71 /* Build configuration list for PBXNativeTarget "EitaCommerceAppTests" */ = {
			isa = XCConfigurationList;
			buildConfigurations = (
				7777110F26C0466F00483D71 /* Debug */,
				7777111026C0466F00483D71 /* Release */,
			);
			defaultConfigurationIsVisible = 0;
			defaultConfigurationName = Release;
		};
		7777111126C0466F00483D71 /* Build configuration list for PBXNativeTarget "EitaCommerceAppUITests" */ = {
			isa = XCConfigurationList;
			buildConfigurations = (
				7777111226C0466F00483D71 /* Debug */,
				7777111326C0466F00483D71 /* Release */,
			);
			defaultConfigurationIsVisible = 0;
			defaultConfigurationName = Release;
		};
/* End XCConfigurationList section */
	};
	rootObject = 777710DE26C0466D00483D71 /* Project object */;
}
